
Microsoft Visual Studio Solution File, Format Version 12.00
# Visual Studio Version 17
VisualStudioVersion = 17.7.34031.279
MinimumVisualStudioVersion = 10.0.40219.1
Project("{FAE04EC0-301F-11D3-BF4B-00C04F79EFBC}") = "WindowsFormsApp1", "WindowsFormsApp1.csproj", "{5BF65594-3D48-45D9-AB45-A88827C95BEB}"
EndProject
Global
	GlobalSection(SolutionConfigurationPlatforms) = preSolution
		Debug|Any CPU = Debug|Any CPU
		Release|Any CPU = Release|Any CPU
	EndGlobalSection
	GlobalSection(ProjectConfigurationPlatforms) = postSolution
		{5BF65594-3D48-45D9-AB45-A88827C95BEB}.Debug|Any CPU.ActiveCfg = Debug|Any CPU
		{5BF65594-3D48-45D9-AB45-A88827C95BEB}.Debug|Any CPU.Build.0 = Debug|Any CPU
		{5BF65594-3D48-45D9-AB45-A88827C95BEB}.Release|Any CPU.ActiveCfg = Release|Any CPU
		{5BF65594-3D48-45D9-AB45-A88827C95BEB}.Release|Any CPU.Build.0 = Release|Any CPU
	EndGlobalSection
	GlobalSection(SolutionProperties) = preSolution
		HideSolutionNode = FALSE
	EndGlobalSection
	GlobalSection(ExtensibilityGlobals) = postSolution
		SolutionGuid = {8F419BA7-1BB5-4F3B-BE6B-9B49C391CC70}
	EndGlobalSection
EndGlobal
